##############################################################################
# Automations to display the date and time on page 4

automation:
  # Set appropriate font for the time and date and send intial values on HASP init
  - alias: hasp_plate01_p4_ClockInit
    trigger:
    - platform: state
      entity_id: 'binary_sensor.plate01_connected'
      to: 'on'
    - platform: homeassistant
      event: start
    action:
    #Clock
    - service: mqtt.publish
      data:
        topic: 'hasp/plate01/command/p[4].b[4].font'
        payload: '8'
    - service: mqtt.publish
      data:
        topic: 'hasp/plate01/command/p[4].b[4].txt'
        payload_template: "\"{{(now().strftime('%H')|int)~now().strftime(':%M')}}\""
    # Date
    - service: mqtt.publish
      data:
        topic: 'hasp/plate01/command/p[4].b[5].font'
        payload_template: '0'
    - service: mqtt.publish
      data:
        topic: 'hasp/plate01/command/p[4].b[5].txt'
        payload_template: "\"{{now().day ~ now().strftime('. %B')}}\""
     #payload_template: "\"{{now().strftime('%B') ~ now().day}}\""

  # Send the current time every minute
  - alias: hasp_plate01_p4_ClockUpdate
    trigger:
      platform: time_pattern
      # Matches every minute
      seconds: 00
    condition:
    - condition: state
      entity_id: 'binary_sensor.plate01_connected'
      state: 'on'
    action:
    - service: mqtt.publish
      data:
        topic: 'hasp/plate01/command/p[4].b[4].txt'
        payload_template: "\"{{(now().strftime('%H')|int)~now().strftime(':%M')}}\""
        
  # Send "Month Day" every day, scaling font to fit
  # 0 consolas 24 - 20 chars x 2 lines (wrapped)
  # 1 consolas 32 - 15 chars x 2 lines (wrapped)
  # 2 consolas 48 - 10 chars x 1 line
  # 3 consolas 80 - 6 chars x 1 line
  - alias: hasp_plate01_p4_CalendarUpdate
    trigger:
      platform: time
      at: '00:00:00'
    condition:
    - condition: state
      entity_id: 'binary_sensor.plate01_connected'
      state: 'on'
    action:
    - service: mqtt.publish
      data:
        topic: 'hasp/plate01/command/p[4].b[5].font'
        payload_template: '{% set datelength = (now().strftime("%B ") ~ now().day)|length %}{% if datelength <= 6 -%}2{% elif (datelength > 6) and (datelength <= 10) %}1{% elif (datelength > 10) and (datelength <= 15) %}0{% else %}0{%- endif %}'
    - service: mqtt.publish
      data:
        topic: 'hasp/plate01/command/p[4].b[5].txt'
        payload_template: "\"{{now().strftime('%B ') ~ now().day}}\""

